
Microsoft Visual Studio Solution File, Format Version 12.00
# Visual Studio Version 17
VisualStudioVersion = 17.8.34330.188
MinimumVisualStudioVersion = 10.0.40219.1
Project("{FAE04EC0-301F-11D3-BF4B-00C04F79EFBC}") = "ClasseArticoli", "ClasseArticoli\ClasseArticoli.csproj", "{3C00FEE5-0D94-4B7C-8351-96AEE0B2C411}"
EndProject
Global
	GlobalSection(SolutionConfigurationPlatforms) = preSolution
		Debug|Any CPU = Debug|Any CPU
		Release|Any CPU = Release|Any CPU
	EndGlobalSection
	GlobalSection(ProjectConfigurationPlatforms) = postSolution
		{3C00FEE5-0D94-4B7C-8351-96AEE0B2C411}.Debug|Any CPU.ActiveCfg = Debug|Any CPU
		{3C00FEE5-0D94-4B7C-8351-96AEE0B2C411}.Debug|Any CPU.Build.0 = Debug|Any CPU
		{3C00FEE5-0D94-4B7C-8351-96AEE0B2C411}.Release|Any CPU.ActiveCfg = Release|Any CPU
		{3C00FEE5-0D94-4B7C-8351-96AEE0B2C411}.Release|Any CPU.Build.0 = Release|Any CPU
	EndGlobalSection
	GlobalSection(SolutionProperties) = preSolution
		HideSolutionNode = FALSE
	EndGlobalSection
	GlobalSection(ExtensibilityGlobals) = postSolution
		SolutionGuid = {32FFC0A5-CC2A-4048-BC4F-EDAB254D8B35}
	EndGlobalSection
EndGlobal
